
Microsoft Visual Studio Solution File, Format Version 11.00
# Visual Studio 2010
Project("{F14B399A-7131-4C87-9E4B-1186C45EF12D}") = "Report Project1", "Report Project1\Report Project1.rptproj", "{C5F44CDF-F34C-479B-9BA5-1D98E16893AC}"
EndProject
Global
	GlobalSection(SolutionConfigurationPlatforms) = preSolution
		Debug|Default = Debug|Default
		DebugLocal|Default = DebugLocal|Default
		Release|Default = Release|Default
	EndGlobalSection
	GlobalSection(ProjectConfigurationPlatforms) = postSolution
		{C5F44CDF-F34C-479B-9BA5-1D98E16893AC}.Debug|Default.ActiveCfg = Debug
		{C5F44CDF-F34C-479B-9BA5-1D98E16893AC}.Debug|Default.Build.0 = DebugLocal
		{C5F44CDF-F34C-479B-9BA5-1D98E16893AC}.Debug|Default.Deploy.0 = DebugLocal
		{C5F44CDF-F34C-479B-9BA5-1D98E16893AC}.DebugLocal|Default.ActiveCfg = DebugLocal
		{C5F44CDF-F34C-479B-9BA5-1D98E16893AC}.DebugLocal|Default.Build.0 = DebugLocal
		{C5F44CDF-F34C-479B-9BA5-1D98E16893AC}.Release|Default.ActiveCfg = Release
		{C5F44CDF-F34C-479B-9BA5-1D98E16893AC}.Release|Default.Build.0 = Release
		{C5F44CDF-F34C-479B-9BA5-1D98E16893AC}.Release|Default.Deploy.0 = Release
	EndGlobalSection
	GlobalSection(SolutionProperties) = preSolution
		HideSolutionNode = FALSE
	EndGlobalSection
EndGlobal
